
Microsoft Visual Studio Solution File, Format Version 12.00
# Visual Studio 15
VisualStudioVersion = 15.0.27130.2010
MinimumVisualStudioVersion = 10.0.40219.1
Project("{FAE04EC0-301F-11D3-BF4B-00C04F79EFBC}") = "Nile.host", "Nile.host\Nile.host.csproj", "{96D0FC89-437B-47F5-9D4D-9A967418E503}"
EndProject
Global
	GlobalSection(SolutionConfigurationPlatforms) = preSolution
		Debug|Any CPU = Debug|Any CPU
		Release|Any CPU = Release|Any CPU
	EndGlobalSection
	GlobalSection(ProjectConfigurationPlatforms) = postSolution
		{96D0FC89-437B-47F5-9D4D-9A967418E503}.Debug|Any CPU.ActiveCfg = Debug|Any CPU
		{96D0FC89-437B-47F5-9D4D-9A967418E503}.Debug|Any CPU.Build.0 = Debug|Any CPU
		{96D0FC89-437B-47F5-9D4D-9A967418E503}.Release|Any CPU.ActiveCfg = Release|Any CPU
		{96D0FC89-437B-47F5-9D4D-9A967418E503}.Release|Any CPU.Build.0 = Release|Any CPU
	EndGlobalSection
	GlobalSection(SolutionProperties) = preSolution
		HideSolutionNode = FALSE
	EndGlobalSection
	GlobalSection(ExtensibilityGlobals) = postSolution
		SolutionGuid = {C223936D-9934-4123-BFCC-18BDB7C8FC34}
	EndGlobalSection
EndGlobal
