
Microsoft Visual Studio Solution File, Format Version 12.00
# Visual Studio 15
VisualStudioVersion = 15.0.27130.2024
MinimumVisualStudioVersion = 10.0.40219.1
Project("{FAE04EC0-301F-11D3-BF4B-00C04F79EFBC}") = "VictorBedolla.MovieLib.Host", "VictorBedolla.MovieLib.Host\VictorBedolla.MovieLib.Host.csproj", "{77A20A82-4045-4789-BBDB-0526F8C6B04F}"
EndProject
Global
	GlobalSection(SolutionConfigurationPlatforms) = preSolution
		Debug|Any CPU = Debug|Any CPU
		Release|Any CPU = Release|Any CPU
	EndGlobalSection
	GlobalSection(ProjectConfigurationPlatforms) = postSolution
		{77A20A82-4045-4789-BBDB-0526F8C6B04F}.Debug|Any CPU.ActiveCfg = Debug|Any CPU
		{77A20A82-4045-4789-BBDB-0526F8C6B04F}.Debug|Any CPU.Build.0 = Debug|Any CPU
		{77A20A82-4045-4789-BBDB-0526F8C6B04F}.Release|Any CPU.ActiveCfg = Release|Any CPU
		{77A20A82-4045-4789-BBDB-0526F8C6B04F}.Release|Any CPU.Build.0 = Release|Any CPU
	EndGlobalSection
	GlobalSection(SolutionProperties) = preSolution
		HideSolutionNode = FALSE
	EndGlobalSection
	GlobalSection(ExtensibilityGlobals) = postSolution
		SolutionGuid = {DCF54DE9-1622-4B8F-AB12-0DEFDBD9F9D3}
	EndGlobalSection
EndGlobal
